
Microsoft Visual Studio Solution File, Format Version 12.00
# Visual Studio Version 17
VisualStudioVersion = 17.11.35303.130
MinimumVisualStudioVersion = 10.0.40219.1
Project("{8BC9CEB8-8B4A-11D0-8D11-00A0C91BC942}") = "S2", "S2\S2.vcxproj", "{01B9DA09-F8D7-4CB1-ABBF-3BCAEAE20B3B}"
EndProject
Project("{8BC9CEB8-8B4A-11D0-8D11-00A0C91BC942}") = "S1", "S1\S1.vcxproj", "{F84E943E-2A28-44D7-8AFA-BE53726327DB}"
EndProject
Project("{8BC9CEB8-8B4A-11D0-8D11-00A0C91BC942}") = "S3", "S3\S3.vcxproj", "{FB77C35D-B55C-462F-B7B9-B816575520FF}"
EndProject
Project("{8BC9CEB8-8B4A-11D0-8D11-00A0C91BC942}") = "S4", "S4\S4.vcxproj", "{3ACE70AE-1442-415D-8DCF-81F198C5C41D}"
EndProject
Project("{8BC9CEB8-8B4A-11D0-8D11-00A0C91BC942}") = "S5", "S5\S5.vcxproj", "{033FB165-4BE8-481F-BA03-835298DEB251}"
EndProject
Project("{8BC9CEB8-8B4A-11D0-8D11-00A0C91BC942}") = "S6", "S6\S6.vcxproj", "{6A149AF8-116B-4C60-9CD6-7AC325910401}"
EndProject
Project("{8BC9CEB8-8B4A-11D0-8D11-00A0C91BC942}") = "S7", "S7\S7.vcxproj", "{15681925-911A-48F1-8BFC-D2734F322937}"
EndProject
Project("{8BC9CEB8-8B4A-11D0-8D11-00A0C91BC942}") = "S8", "S8\S8.vcxproj", "{E5CDC4EA-7BFD-4441-BBF4-7A5648BEE39A}"
EndProject
Project("{8BC9CEB8-8B4A-11D0-8D11-00A0C91BC942}") = "S9", "S9\S9.vcxproj", "{1FC34ED4-5370-47A7-9470-D099905100EE}"
EndProject
Project("{8BC9CEB8-8B4A-11D0-8D11-00A0C91BC942}") = "S10", "S10\S10.vcxproj", "{27F8E366-6865-4960-92DA-F664BBBCEAC0}"
EndProject
Project("{8BC9CEB8-8B4A-11D0-8D11-00A0C91BC942}") = "S11", "S11\S11.vcxproj", "{F6792EE8-D9E0-4C7B-8A89-83C180B8C57E}"
EndProject
Project("{8BC9CEB8-8B4A-11D0-8D11-00A0C91BC942}") = "S12", "S12\S12.vcxproj", "{E0F794FD-27DF-4D59-92F1-EC565955761C}"
EndProject
Project("{8BC9CEB8-8B4A-11D0-8D11-00A0C91BC942}") = "S13", "S13\S13.vcxproj", "{6B5C6D71-3F8E-4F41-8EDC-5F8DB66B9E94}"
EndProject
Project("{8BC9CEB8-8B4A-11D0-8D11-00A0C91BC942}") = "S14", "S14\S14.vcxproj", "{7542B226-B05B-42B1-A7C1-453933000426}"
EndProject
Project("{8BC9CEB8-8B4A-11D0-8D11-00A0C91BC942}") = "S15", "S15\S15.vcxproj", "{E2A790F0-609F-446B-A4FB-DCEE71CAF82E}"
EndProject
Project("{8BC9CEB8-8B4A-11D0-8D11-00A0C91BC942}") = "S16", "S16\S16.vcxproj", "{753B5EFD-3B37-4666-A9B2-48FD68A63B13}"
EndProject
Project("{8BC9CEB8-8B4A-11D0-8D11-00A0C91BC942}") = "S17", "S17\S17.vcxproj", "{14382980-D707-4F41-B55E-F11FAD035745}"
EndProject
Project("{8BC9CEB8-8B4A-11D0-8D11-00A0C91BC942}") = "S18", "S18\S18.vcxproj", "{E0B2EFD8-D95B-44C9-8AB6-AC8E406D8FF2}"
EndProject
Project("{8BC9CEB8-8B4A-11D0-8D11-00A0C91BC942}") = "S19", "S19\S19.vcxproj", "{A717EF61-D664-4EF3-9799-FD4B1CF93FFE}"
EndProject
Project("{8BC9CEB8-8B4A-11D0-8D11-00A0C91BC942}") = "S20", "S20\S20.vcxproj", "{40D9587D-0156-493E-B9D5-3BB507A6E590}"
EndProject
Project("{8BC9CEB8-8B4A-11D0-8D11-00A0C91BC942}") = "S21", "S21\S21.vcxproj", "{D3403446-E9F1-4D85-BAAD-2ADD22F730F6}"
EndProject
Project("{8BC9CEB8-8B4A-11D0-8D11-00A0C91BC942}") = "S22", "S22\S22.vcxproj", "{0509C2D2-3322-4038-8B21-4031249EF039}"
EndProject
Project("{8BC9CEB8-8B4A-11D0-8D11-00A0C91BC942}") = "S23", "S23\S23.vcxproj", "{2AA1697D-FD17-445D-91AE-A683F9E1B843}"
EndProject
Project("{8BC9CEB8-8B4A-11D0-8D11-00A0C91BC942}") = "S24", "S24\S24.vcxproj", "{9A584D7F-7FDE-4638-BBCC-8016A71016A1}"
EndProject
Project("{8BC9CEB8-8B4A-11D0-8D11-00A0C91BC942}") = "S25", "S25\S25.vcxproj", "{C00ED732-C801-47D6-AB33-CB848362E738}"
EndProject
Project("{8BC9CEB8-8B4A-11D0-8D11-00A0C91BC942}") = "S26", "S26\S26.vcxproj", "{515B9B62-8CE9-4054-96D1-96D55AF10054}"
EndProject
Global
	GlobalSection(SolutionConfigurationPlatforms) = preSolution
		Debug|x64 = Debug|x64
		Debug|x86 = Debug|x86
		Release|x64 = Release|x64
		Release|x86 = Release|x86
	EndGlobalSection
	GlobalSection(ProjectConfigurationPlatforms) = postSolution
		{01B9DA09-F8D7-4CB1-ABBF-3BCAEAE20B3B}.Debug|x64.ActiveCfg = Debug|x64
		{01B9DA09-F8D7-4CB1-ABBF-3BCAEAE20B3B}.Debug|x64.Build.0 = Debug|x64
		{01B9DA09-F8D7-4CB1-ABBF-3BCAEAE20B3B}.Debug|x86.ActiveCfg = Debug|Win32
		{01B9DA09-F8D7-4CB1-ABBF-3BCAEAE20B3B}.Debug|x86.Build.0 = Debug|Win32
		{01B9DA09-F8D7-4CB1-ABBF-3BCAEAE20B3B}.Release|x64.ActiveCfg = Release|x64
		{01B9DA09-F8D7-4CB1-ABBF-3BCAEAE20B3B}.Release|x64.Build.0 = Release|x64
		{01B9DA09-F8D7-4CB1-ABBF-3BCAEAE20B3B}.Release|x86.ActiveCfg = Release|Win32
		{01B9DA09-F8D7-4CB1-ABBF-3BCAEAE20B3B}.Release|x86.Build.0 = Release|Win32
		{F84E943E-2A28-44D7-8AFA-BE53726327DB}.Debug|x64.ActiveCfg = Debug|x64
		{F84E943E-2A28-44D7-8AFA-BE53726327DB}.Debug|x64.Build.0 = Debug|x64
		{F84E943E-2A28-44D7-8AFA-BE53726327DB}.Debug|x86.ActiveCfg = Debug|Win32
		{F84E943E-2A28-44D7-8AFA-BE53726327DB}.Debug|x86.Build.0 = Debug|Win32
		{F84E943E-2A28-44D7-8AFA-BE53726327DB}.Release|x64.ActiveCfg = Release|x64
		{F84E943E-2A28-44D7-8AFA-BE53726327DB}.Release|x64.Build.0 = Release|x64
		{F84E943E-2A28-44D7-8AFA-BE53726327DB}.Release|x86.ActiveCfg = Release|Win32
		{F84E943E-2A28-44D7-8AFA-BE53726327DB}.Release|x86.Build.0 = Release|Win32
		{FB77C35D-B55C-462F-B7B9-B816575520FF}.Debug|x64.ActiveCfg = Debug|x64
		{FB77C35D-B55C-462F-B7B9-B816575520FF}.Debug|x64.Build.0 = Debug|x64
		{FB77C35D-B55C-462F-B7B9-B816575520FF}.Debug|x86.ActiveCfg = Debug|Win32
		{FB77C35D-B55C-462F-B7B9-B816575520FF}.Debug|x86.Build.0 = Debug|Win32
		{FB77C35D-B55C-462F-B7B9-B816575520FF}.Release|x64.ActiveCfg = Release|x64
		{FB77C35D-B55C-462F-B7B9-B816575520FF}.Release|x64.Build.0 = Release|x64
		{FB77C35D-B55C-462F-B7B9-B816575520FF}.Release|x86.ActiveCfg = Release|Win32
		{FB77C35D-B55C-462F-B7B9-B816575520FF}.Release|x86.Build.0 = Release|Win32
		{3ACE70AE-1442-415D-8DCF-81F198C5C41D}.Debug|x64.ActiveCfg = Debug|x64
		{3ACE70AE-1442-415D-8DCF-81F198C5C41D}.Debug|x64.Build.0 = Debug|x64
		{3ACE70AE-1442-415D-8DCF-81F198C5C41D}.Debug|x86.ActiveCfg = Debug|Win32
		{3ACE70AE-1442-415D-8DCF-81F198C5C41D}.Debug|x86.Build.0 = Debug|Win32
		{3ACE70AE-1442-415D-8DCF-81F198C5C41D}.Release|x64.ActiveCfg = Release|x64
		{3ACE70AE-1442-415D-8DCF-81F198C5C41D}.Release|x64.Build.0 = Release|x64
		{3ACE70AE-1442-415D-8DCF-81F198C5C41D}.Release|x86.ActiveCfg = Release|Win32
		{3ACE70AE-1442-415D-8DCF-81F198C5C41D}.Release|x86.Build.0 = Release|Win32
		{033FB165-4BE8-481F-BA03-835298DEB251}.Debug|x64.ActiveCfg = Debug|x64
		{033FB165-4BE8-481F-BA03-835298DEB251}.Debug|x64.Build.0 = Debug|x64
		{033FB165-4BE8-481F-BA03-835298DEB251}.Debug|x86.ActiveCfg = Debug|Win32
		{033FB165-4BE8-481F-BA03-835298DEB251}.Debug|x86.Build.0 = Debug|Win32
		{033FB165-4BE8-481F-BA03-835298DEB251}.Release|x64.ActiveCfg = Release|x64
		{033FB165-4BE8-481F-BA03-835298DEB251}.Release|x64.Build.0 = Release|x64
		{033FB165-4BE8-481F-BA03-835298DEB251}.Release|x86.ActiveCfg = Release|Win32
		{033FB165-4BE8-481F-BA03-835298DEB251}.Release|x86.Build.0 = Release|Win32
		{6A149AF8-116B-4C60-9CD6-7AC325910401}.Debug|x64.ActiveCfg = Debug|x64
		{6A149AF8-116B-4C60-9CD6-7AC325910401}.Debug|x64.Build.0 = Debug|x64
		{6A149AF8-116B-4C60-9CD6-7AC325910401}.Debug|x86.ActiveCfg = Debug|Win32
		{6A149AF8-116B-4C60-9CD6-7AC325910401}.Debug|x86.Build.0 = Debug|Win32
		{6A149AF8-116B-4C60-9CD6-7AC325910401}.Release|x64.ActiveCfg = Release|x64
		{6A149AF8-116B-4C60-9CD6-7AC325910401}.Release|x64.Build.0 = Release|x64
		{6A149AF8-116B-4C60-9CD6-7AC325910401}.Release|x86.ActiveCfg = Release|Win32
		{6A149AF8-116B-4C60-9CD6-7AC325910401}.Release|x86.Build.0 = Release|Win32
		{15681925-911A-48F1-8BFC-D2734F322937}.Debug|x64.ActiveCfg = Debug|x64
		{15681925-911A-48F1-8BFC-D2734F322937}.Debug|x64.Build.0 = Debug|x64
		{15681925-911A-48F1-8BFC-D2734F322937}.Debug|x86.ActiveCfg = Debug|Win32
		{15681925-911A-48F1-8BFC-D2734F322937}.Debug|x86.Build.0 = Debug|Win32
		{15681925-911A-48F1-8BFC-D2734F322937}.Release|x64.ActiveCfg = Release|x64
		{15681925-911A-48F1-8BFC-D2734F322937}.Release|x64.Build.0 = Release|x64
		{15681925-911A-48F1-8BFC-D2734F322937}.Release|x86.ActiveCfg = Release|Win32
		{15681925-911A-48F1-8BFC-D2734F322937}.Release|x86.Build.0 = Release|Win32
		{E5CDC4EA-7BFD-4441-BBF4-7A5648BEE39A}.Debug|x64.ActiveCfg = Debug|x64
		{E5CDC4EA-7BFD-4441-BBF4-7A5648BEE39A}.Debug|x64.Build.0 = Debug|x64
		{E5CDC4EA-7BFD-4441-BBF4-7A5648BEE39A}.Debug|x86.ActiveCfg = Debug|Win32
		{E5CDC4EA-7BFD-4441-BBF4-7A5648BEE39A}.Debug|x86.Build.0 = Debug|Win32
		{E5CDC4EA-7BFD-4441-BBF4-7A5648BEE39A}.Release|x64.ActiveCfg = Release|x64
		{E5CDC4EA-7BFD-4441-BBF4-7A5648BEE39A}.Release|x64.Build.0 = Release|x64
		{E5CDC4EA-7BFD-4441-BBF4-7A5648BEE39A}.Release|x86.ActiveCfg = Release|Win32
		{E5CDC4EA-7BFD-4441-BBF4-7A5648BEE39A}.Release|x86.Build.0 = Release|Win32
		{1FC34ED4-5370-47A7-9470-D099905100EE}.Debug|x64.ActiveCfg = Debug|x64
		{1FC34ED4-5370-47A7-9470-D099905100EE}.Debug|x64.Build.0 = Debug|x64
		{1FC34ED4-5370-47A7-9470-D099905100EE}.Debug|x86.ActiveCfg = Debug|Win32
		{1FC34ED4-5370-47A7-9470-D099905100EE}.Debug|x86.Build.0 = Debug|Win32
		{1FC34ED4-5370-47A7-9470-D099905100EE}.Release|x64.ActiveCfg = Release|x64
		{1FC34ED4-5370-47A7-9470-D099905100EE}.Release|x64.Build.0 = Release|x64
		{1FC34ED4-5370-47A7-9470-D099905100EE}.Release|x86.ActiveCfg = Release|Win32
		{1FC34ED4-5370-47A7-9470-D099905100EE}.Release|x86.Build.0 = Release|Win32
		{27F8E366-6865-4960-92DA-F664BBBCEAC0}.Debug|x64.ActiveCfg = Debug|x64
		{27F8E366-6865-4960-92DA-F664BBBCEAC0}.Debug|x64.Build.0 = Debug|x64
		{27F8E366-6865-4960-92DA-F664BBBCEAC0}.Debug|x86.ActiveCfg = Debug|Win32
		{27F8E366-6865-4960-92DA-F664BBBCEAC0}.Debug|x86.Build.0 = Debug|Win32
		{27F8E366-6865-4960-92DA-F664BBBCEAC0}.Release|x64.ActiveCfg = Release|x64
		{27F8E366-6865-4960-92DA-F664BBBCEAC0}.Release|x64.Build.0 = Release|x64
		{27F8E366-6865-4960-92DA-F664BBBCEAC0}.Release|x86.ActiveCfg = Release|Win32
		{27F8E366-6865-4960-92DA-F664BBBCEAC0}.Release|x86.Build.0 = Release|Win32
		{F6792EE8-D9E0-4C7B-8A89-83C180B8C57E}.Debug|x64.ActiveCfg = Debug|x64
		{F6792EE8-D9E0-4C7B-8A89-83C180B8C57E}.Debug|x64.Build.0 = Debug|x64
		{F6792EE8-D9E0-4C7B-8A89-83C180B8C57E}.Debug|x86.ActiveCfg = Debug|Win32
		{F6792EE8-D9E0-4C7B-8A89-83C180B8C57E}.Debug|x86.Build.0 = Debug|Win32
		{F6792EE8-D9E0-4C7B-8A89-83C180B8C57E}.Release|x64.ActiveCfg = Release|x64
		{F6792EE8-D9E0-4C7B-8A89-83C180B8C57E}.Release|x64.Build.0 = Release|x64
		{F6792EE8-D9E0-4C7B-8A89-83C180B8C57E}.Release|x86.ActiveCfg = Release|Win32
		{F6792EE8-D9E0-4C7B-8A89-83C180B8C57E}.Release|x86.Build.0 = Release|Win32
		{E0F794FD-27DF-4D59-92F1-EC565955761C}.Debug|x64.ActiveCfg = Debug|x64
		{E0F794FD-27DF-4D59-92F1-EC565955761C}.Debug|x64.Build.0 = Debug|x64
		{E0F794FD-27DF-4D59-92F1-EC565955761C}.Debug|x86.ActiveCfg = Debug|Win32
		{E0F794FD-27DF-4D59-92F1-EC565955761C}.Debug|x86.Build.0 = Debug|Win32
		{E0F794FD-27DF-4D59-92F1-EC565955761C}.Release|x64.ActiveCfg = Release|x64
		{E0F794FD-27DF-4D59-92F1-EC565955761C}.Release|x64.Build.0 = Release|x64
		{E0F794FD-27DF-4D59-92F1-EC565955761C}.Release|x86.ActiveCfg = Release|Win32
		{E0F794FD-27DF-4D59-92F1-EC565955761C}.Release|x86.Build.0 = Release|Win32
		{6B5C6D71-3F8E-4F41-8EDC-5F8DB66B9E94}.Debug|x64.ActiveCfg = Debug|x64
		{6B5C6D71-3F8E-4F41-8EDC-5F8DB66B9E94}.Debug|x64.Build.0 = Debug|x64
		{6B5C6D71-3F8E-4F41-8EDC-5F8DB66B9E94}.Debug|x86.ActiveCfg = Debug|Win32
		{6B5C6D71-3F8E-4F41-8EDC-5F8DB66B9E94}.Debug|x86.Build.0 = Debug|Win32
		{6B5C6D71-3F8E-4F41-8EDC-5F8DB66B9E94}.Release|x64.ActiveCfg = Release|x64
		{6B5C6D71-3F8E-4F41-8EDC-5F8DB66B9E94}.Release|x64.Build.0 = Release|x64
		{6B5C6D71-3F8E-4F41-8EDC-5F8DB66B9E94}.Release|x86.ActiveCfg = Release|Win32
		{6B5C6D71-3F8E-4F41-8EDC-5F8DB66B9E94}.Release|x86.Build.0 = Release|Win32
		{7542B226-B05B-42B1-A7C1-453933000426}.Debug|x64.ActiveCfg = Debug|x64
		{7542B226-B05B-42B1-A7C1-453933000426}.Debug|x64.Build.0 = Debug|x64
		{7542B226-B05B-42B1-A7C1-453933000426}.Debug|x86.ActiveCfg = Debug|Win32
		{7542B226-B05B-42B1-A7C1-453933000426}.Debug|x86.Build.0 = Debug|Win32
		{7542B226-B05B-42B1-A7C1-453933000426}.Release|x64.ActiveCfg = Release|x64
		{7542B226-B05B-42B1-A7C1-453933000426}.Release|x64.Build.0 = Release|x64
		{7542B226-B05B-42B1-A7C1-453933000426}.Release|x86.ActiveCfg = Release|Win32
		{7542B226-B05B-42B1-A7C1-453933000426}.Release|x86.Build.0 = Release|Win32
		{E2A790F0-609F-446B-A4FB-DCEE71CAF82E}.Debug|x64.ActiveCfg = Debug|x64
		{E2A790F0-609F-446B-A4FB-DCEE71CAF82E}.Debug|x64.Build.0 = Debug|x64
		{E2A790F0-609F-446B-A4FB-DCEE71CAF82E}.Debug|x86.ActiveCfg = Debug|Win32
		{E2A790F0-609F-446B-A4FB-DCEE71CAF82E}.Debug|x86.Build.0 = Debug|Win32
		{E2A790F0-609F-446B-A4FB-DCEE71CAF82E}.Release|x64.ActiveCfg = Release|x64
		{E2A790F0-609F-446B-A4FB-DCEE71CAF82E}.Release|x64.Build.0 = Release|x64
		{E2A790F0-609F-446B-A4FB-DCEE71CAF82E}.Release|x86.ActiveCfg = Release|Win32
		{E2A790F0-609F-446B-A4FB-DCEE71CAF82E}.Release|x86.Build.0 = Release|Win32
		{753B5EFD-3B37-4666-A9B2-48FD68A63B13}.Debug|x64.ActiveCfg = Debug|x64
		{753B5EFD-3B37-4666-A9B2-48FD68A63B13}.Debug|x64.Build.0 = Debug|x64
		{753B5EFD-3B37-4666-A9B2-48FD68A63B13}.Debug|x86.ActiveCfg = Debug|Win32
		{753B5EFD-3B37-4666-A9B2-48FD68A63B13}.Debug|x86.Build.0 = Debug|Win32
		{753B5EFD-3B37-4666-A9B2-48FD68A63B13}.Release|x64.ActiveCfg = Release|x64
		{753B5EFD-3B37-4666-A9B2-48FD68A63B13}.Release|x64.Build.0 = Release|x64
		{753B5EFD-3B37-4666-A9B2-48FD68A63B13}.Release|x86.ActiveCfg = Release|Win32
		{753B5EFD-3B37-4666-A9B2-48FD68A63B13}.Release|x86.Build.0 = Release|Win32
		{14382980-D707-4F41-B55E-F11FAD035745}.Debug|x64.ActiveCfg = Debug|x64
		{14382980-D707-4F41-B55E-F11FAD035745}.Debug|x64.Build.0 = Debug|x64
		{14382980-D707-4F41-B55E-F11FAD035745}.Debug|x86.ActiveCfg = Debug|Win32
		{14382980-D707-4F41-B55E-F11FAD035745}.Debug|x86.Build.0 = Debug|Win32
		{14382980-D707-4F41-B55E-F11FAD035745}.Release|x64.ActiveCfg = Release|x64
		{14382980-D707-4F41-B55E-F11FAD035745}.Release|x64.Build.0 = Release|x64
		{14382980-D707-4F41-B55E-F11FAD035745}.Release|x86.ActiveCfg = Release|Win32
		{14382980-D707-4F41-B55E-F11FAD035745}.Release|x86.Build.0 = Release|Win32
		{E0B2EFD8-D95B-44C9-8AB6-AC8E406D8FF2}.Debug|x64.ActiveCfg = Debug|x64
		{E0B2EFD8-D95B-44C9-8AB6-AC8E406D8FF2}.Debug|x64.Build.0 = Debug|x64
		{E0B2EFD8-D95B-44C9-8AB6-AC8E406D8FF2}.Debug|x86.ActiveCfg = Debug|Win32
		{E0B2EFD8-D95B-44C9-8AB6-AC8E406D8FF2}.Debug|x86.Build.0 = Debug|Win32
		{E0B2EFD8-D95B-44C9-8AB6-AC8E406D8FF2}.Release|x64.ActiveCfg = Release|x64
		{E0B2EFD8-D95B-44C9-8AB6-AC8E406D8FF2}.Release|x64.Build.0 = Release|x64
		{E0B2EFD8-D95B-44C9-8AB6-AC8E406D8FF2}.Release|x86.ActiveCfg = Release|Win32
		{E0B2EFD8-D95B-44C9-8AB6-AC8E406D8FF2}.Release|x86.Build.0 = Release|Win32
		{A717EF61-D664-4EF3-9799-FD4B1CF93FFE}.Debug|x64.ActiveCfg = Debug|x64
		{A717EF61-D664-4EF3-9799-FD4B1CF93FFE}.Debug|x64.Build.0 = Debug|x64
		{A717EF61-D664-4EF3-9799-FD4B1CF93FFE}.Debug|x86.ActiveCfg = Debug|Win32
		{A717EF61-D664-4EF3-9799-FD4B1CF93FFE}.Debug|x86.Build.0 = Debug|Win32
		{A717EF61-D664-4EF3-9799-FD4B1CF93FFE}.Release|x64.ActiveCfg = Release|x64
		{A717EF61-D664-4EF3-9799-FD4B1CF93FFE}.Release|x64.Build.0 = Release|x64
		{A717EF61-D664-4EF3-9799-FD4B1CF93FFE}.Release|x86.ActiveCfg = Release|Win32
		{A717EF61-D664-4EF3-9799-FD4B1CF93FFE}.Release|x86.Build.0 = Release|Win32
		{40D9587D-0156-493E-B9D5-3BB507A6E590}.Debug|x64.ActiveCfg = Debug|x64
		{40D9587D-0156-493E-B9D5-3BB507A6E590}.Debug|x64.Build.0 = Debug|x64
		{40D9587D-0156-493E-B9D5-3BB507A6E590}.Debug|x86.ActiveCfg = Debug|Win32
		{40D9587D-0156-493E-B9D5-3BB507A6E590}.Debug|x86.Build.0 = Debug|Win32
		{40D9587D-0156-493E-B9D5-3BB507A6E590}.Release|x64.ActiveCfg = Release|x64
		{40D9587D-0156-493E-B9D5-3BB507A6E590}.Release|x64.Build.0 = Release|x64
		{40D9587D-0156-493E-B9D5-3BB507A6E590}.Release|x86.ActiveCfg = Release|Win32
		{40D9587D-0156-493E-B9D5-3BB507A6E590}.Release|x86.Build.0 = Release|Win32
		{D3403446-E9F1-4D85-BAAD-2ADD22F730F6}.Debug|x64.ActiveCfg = Debug|x64
		{D3403446-E9F1-4D85-BAAD-2ADD22F730F6}.Debug|x64.Build.0 = Debug|x64
		{D3403446-E9F1-4D85-BAAD-2ADD22F730F6}.Debug|x86.ActiveCfg = Debug|Win32
		{D3403446-E9F1-4D85-BAAD-2ADD22F730F6}.Debug|x86.Build.0 = Debug|Win32
		{D3403446-E9F1-4D85-BAAD-2ADD22F730F6}.Release|x64.ActiveCfg = Release|x64
		{D3403446-E9F1-4D85-BAAD-2ADD22F730F6}.Release|x64.Build.0 = Release|x64
		{D3403446-E9F1-4D85-BAAD-2ADD22F730F6}.Release|x86.ActiveCfg = Release|Win32
		{D3403446-E9F1-4D85-BAAD-2ADD22F730F6}.Release|x86.Build.0 = Release|Win32
		{0509C2D2-3322-4038-8B21-4031249EF039}.Debug|x64.ActiveCfg = Debug|x64
		{0509C2D2-3322-4038-8B21-4031249EF039}.Debug|x64.Build.0 = Debug|x64
		{0509C2D2-3322-4038-8B21-4031249EF039}.Debug|x86.ActiveCfg = Debug|Win32
		{0509C2D2-3322-4038-8B21-4031249EF039}.Debug|x86.Build.0 = Debug|Win32
		{0509C2D2-3322-4038-8B21-4031249EF039}.Release|x64.ActiveCfg = Release|x64
		{0509C2D2-3322-4038-8B21-4031249EF039}.Release|x64.Build.0 = Release|x64
		{0509C2D2-3322-4038-8B21-4031249EF039}.Release|x86.ActiveCfg = Release|Win32
		{0509C2D2-3322-4038-8B21-4031249EF039}.Release|x86.Build.0 = Release|Win32
		{2AA1697D-FD17-445D-91AE-A683F9E1B843}.Debug|x64.ActiveCfg = Debug|x64
		{2AA1697D-FD17-445D-91AE-A683F9E1B843}.Debug|x64.Build.0 = Debug|x64
		{2AA1697D-FD17-445D-91AE-A683F9E1B843}.Debug|x86.ActiveCfg = Debug|Win32
		{2AA1697D-FD17-445D-91AE-A683F9E1B843}.Debug|x86.Build.0 = Debug|Win32
		{2AA1697D-FD17-445D-91AE-A683F9E1B843}.Release|x64.ActiveCfg = Release|x64
		{2AA1697D-FD17-445D-91AE-A683F9E1B843}.Release|x64.Build.0 = Release|x64
		{2AA1697D-FD17-445D-91AE-A683F9E1B843}.Release|x86.ActiveCfg = Release|Win32
		{2AA1697D-FD17-445D-91AE-A683F9E1B843}.Release|x86.Build.0 = Release|Win32
		{9A584D7F-7FDE-4638-BBCC-8016A71016A1}.Debug|x64.ActiveCfg = Debug|x64
		{9A584D7F-7FDE-4638-BBCC-8016A71016A1}.Debug|x64.Build.0 = Debug|x64
		{9A584D7F-7FDE-4638-BBCC-8016A71016A1}.Debug|x86.ActiveCfg = Debug|Win32
		{9A584D7F-7FDE-4638-BBCC-8016A71016A1}.Debug|x86.Build.0 = Debug|Win32
		{9A584D7F-7FDE-4638-BBCC-8016A71016A1}.Release|x64.ActiveCfg = Release|x64
		{9A584D7F-7FDE-4638-BBCC-8016A71016A1}.Release|x64.Build.0 = Release|x64
		{9A584D7F-7FDE-4638-BBCC-8016A71016A1}.Release|x86.ActiveCfg = Release|Win32
		{9A584D7F-7FDE-4638-BBCC-8016A71016A1}.Release|x86.Build.0 = Release|Win32
		{C00ED732-C801-47D6-AB33-CB848362E738}.Debug|x64.ActiveCfg = Debug|x64
		{C00ED732-C801-47D6-AB33-CB848362E738}.Debug|x64.Build.0 = Debug|x64
		{C00ED732-C801-47D6-AB33-CB848362E738}.Debug|x86.ActiveCfg = Debug|Win32
		{C00ED732-C801-47D6-AB33-CB848362E738}.Debug|x86.Build.0 = Debug|Win32
		{C00ED732-C801-47D6-AB33-CB848362E738}.Release|x64.ActiveCfg = Release|x64
		{C00ED732-C801-47D6-AB33-CB848362E738}.Release|x64.Build.0 = Release|x64
		{C00ED732-C801-47D6-AB33-CB848362E738}.Release|x86.ActiveCfg = Release|Win32
		{C00ED732-C801-47D6-AB33-CB848362E738}.Release|x86.Build.0 = Release|Win32
		{515B9B62-8CE9-4054-96D1-96D55AF10054}.Debug|x64.ActiveCfg = Debug|x64
		{515B9B62-8CE9-4054-96D1-96D55AF10054}.Debug|x64.Build.0 = Debug|x64
		{515B9B62-8CE9-4054-96D1-96D55AF10054}.Debug|x86.ActiveCfg = Debug|Win32
		{515B9B62-8CE9-4054-96D1-96D55AF10054}.Debug|x86.Build.0 = Debug|Win32
		{515B9B62-8CE9-4054-96D1-96D55AF10054}.Release|x64.ActiveCfg = Release|x64
		{515B9B62-8CE9-4054-96D1-96D55AF10054}.Release|x64.Build.0 = Release|x64
		{515B9B62-8CE9-4054-96D1-96D55AF10054}.Release|x86.ActiveCfg = Release|Win32
		{515B9B62-8CE9-4054-96D1-96D55AF10054}.Release|x86.Build.0 = Release|Win32
	EndGlobalSection
	GlobalSection(SolutionProperties) = preSolution
		HideSolutionNode = FALSE
	EndGlobalSection
	GlobalSection(ExtensibilityGlobals) = postSolution
		SolutionGuid = {60E774D3-69DA-472F-BA7B-120D54B8A099}
	EndGlobalSection
EndGlobal
